{
    "_meta": {
        "hash": {
            "sha256": "8df5e827c93088a436bbfd2700dc29d8f96a4ea4bcc3428da44d0c0cd7a0194b"
        },
        "host-environment-markers": {
            "implementation_name": "cpython",
            "implementation_version": "3.6.4",
            "os_name": "posix",
            "platform_machine": "x86_64",
            "platform_python_implementation": "CPython",
            "platform_release": "4.15.7-1-ARCH",
            "platform_system": "Linux",
            "platform_version": "#1 SMP PREEMPT Wed Feb 28 19:01:57 UTC 2018",
            "python_full_version": "3.6.4",
            "python_version": "3.6",
            "sys_platform": "linux"
        },
        "pipfile-spec": 6,
        "requires": {},
        "sources": [
            {
                "name": "pypi",
                "url": "https://pypi.python.org/simple",
                "verify_ssl": true
            }
        ]
    },
    "default": {
        "asks": {
            "hashes": [
                "sha256:c14e8cadb995597903076d3077f69349ae9b569b30c8a58d507f52cbfbcf6c52"
            ],
            "version": "==1.3.10"
        },
        "async-generator": {
            "hashes": [
                "sha256:2f45541002a14f80fffc6d52788f92470ff0d9bfe81c434ea8cd60babe43de9e",
                "sha256:b7d5465c6174fe86dba498ececb175f93a6097ffb7cc91946405e1f05b848371"
            ],
            "version": "==1.9"
        },
        "curio": {
            "git": "https://github.com/dabeaz/curio.git"
        },
        "dataclasses": {
            "hashes": [
                "sha256:068953b730c80cbb13ca6aac6ceedaa5d483fb6081a372ac4788aa5179ed9597",
                "sha256:0f75133f21f6c9bd0fe82bc75d9908e46f531682911c9cffa75bce0e40ef09ef"
            ],
            "version": "==0.4"
        },
        "discord-curious": {
            "editable": true,
            "git": "https://github.com/Fuyukai/curious.git",
            "ref": "334cb75e83dc1fc4a8ae3cbf3d3a814b9d768999"
        },
        "h11": {
            "hashes": [
                "sha256:af77d5d82fa027c032650fb8afdef3cd0a3735ba01480bee908cddad9be1bdce",
                "sha256:1c0fbb1cba6f809fe3e6b27f8f6d517ca171f848922708871403636143d530d9"
            ],
            "version": "==0.7.0"
        },
        "lomond": {
            "hashes": [
                "sha256:3b33e7d661944b5405c41f510776b450e1b02892b2c7b5f457d9aa8220f5f537",
                "sha256:47044430d5ae9cca2fe452a670b7ff4299e62acef60ac8d83c6417f7e968e397"
            ],
            "version": "==0.1.13"
        },
        "multidict": {
            "hashes": [
                "sha256:0fd4d255adcbab3341d64a2fff5acce23409e57bb94e626485dea3db70ddc35e",
                "sha256:93f1af99bbe75c854370460a60823d6726f9af2196818a64346000d02e074ed7",
                "sha256:65546242d0c481c0daf0ef20c1be81c075fb763c5f4346f18f748b422fc40f32",
                "sha256:0462372fc74e4c061335118a4a5992b9a618d6c584b028ef03cf3e9b88a960e2",
                "sha256:63663541d395ffe4d51a3c021467d0a7b46c965b63fa1646cb46e2e2f1f36415",
                "sha256:84a1cb5320f1494cd444ca3bd09ddba2e0af0cb210f9263bcf17357ab22671a1",
                "sha256:241c11614f64535e213ea143efa8b7e598793256601fc795e77075bdfa54f5d6",
                "sha256:ea8a18ea02bf84981ec93faded773a866554666f13955c92139127892c4bb45c",
                "sha256:b46ec31bb7729eaa678a3bb1c999460902df1e295fcc093b9aa5f2c7e68d5803",
                "sha256:608f7eef60e6558418d7da6551dd3d07ccc1290ecc85755d781bd8100322ea5b",
                "sha256:068e91060e3e211441b1a31f5e65de88fc346490e1fae583c35a75a5295c8ef7",
                "sha256:288e8f94fb6f586e7386c1f22c979ce3ec866ab23371fa8fef1dd526cd4dfde1",
                "sha256:503ae54582601b0ff647731fee5efcdff5db1f4da0350febb31b628236a5f0b5",
                "sha256:6d5f6f26f9025756035c473167b39c5a72e4e519a2286c9399d21f6682e4e5bc",
                "sha256:e13265feabb1fa26f9cd49cbafd9b5de70ad768093ddb092af477c9823f44f0e",
                "sha256:50de6f3786ba868ffb7d78d4bcacf0928321f9892366b2f4a0426bba644e3f25",
                "sha256:16c78b10e897a512aa34ab1969982e42246e53077ae903c1b334926e1ea832d1",
                "sha256:e04b5bf8581718cf84c1c60bda40221d926ceb06f942ebabfc3baf467a1e34be",
                "sha256:d99819e9e15e1295a31a757360cab65bc96162870f90c29432564bd8e8999aca",
                "sha256:cd172509bfc9144395204dd2c0eb305ae5e89f8ad1714ffd7d793607c53c3244",
                "sha256:3508bea4974ee30fabcf7c8852fca7d9d54d496eaa068bee8311e0ac4df4ade3",
                "sha256:fb4412490324705dcd2172baa8a3ea58ae23c5f982476805cad58ae929fe2a52"
            ],
            "version": "==4.1.0"
        },
        "multio": {
            "hashes": [
                "sha256:f61bc6cf0ee8ea0ba32d5b9ae5ae1cadaebc39b6635a9b3d54142ded78164fe3",
                "sha256:53fd38f5d90a5f1a5d2db507b73c474ef851f5465fab27ffabe401591808258a",
                "sha256:a6219395a1f84605c9041f0a7e8a529b989557c8a95920ddcd29fbed1d721758"
            ],
            "version": "==0.2.1"
        },
        "oauthlib": {
            "hashes": [
                "sha256:ce57b501e906ff4f614e71c36a3ab9eacbb96d35c24d1970d2539bbc3ec70ce1"
            ],
            "version": "==2.0.6"
        },
        "pylru": {
            "hashes": [
                "sha256:71376192671f0ad1690b2a7427d39a29b1df994c8469a9b46b03ed7e28c0172c"
            ],
            "version": "==1.0.9"
        },
        "pytz": {
            "hashes": [
                "sha256:ed6509d9af298b7995d69a440e2822288f2eca1681b8cce37673dbb10091e5fe",
                "sha256:f93ddcdd6342f94cea379c73cddb5724e0d6d0a1c91c9bdef364dc0368ba4fda",
                "sha256:61242a9abc626379574a166dc0e96a66cd7c3b27fc10868003fa210be4bff1c9",
                "sha256:ba18e6a243b3625513d85239b3e49055a2f0318466e0b8a92b8fb8ca7ccdf55f",
                "sha256:07edfc3d4d2705a20a6e99d97f0c4b61c800b8232dc1c04d87e8554f130148dd",
                "sha256:3a47ff71597f821cd84a162e71593004286e5be07a340fd462f0d33a760782b5",
                "sha256:5bd55c744e6feaa4d599a6cbd8228b4f8f9ba96de2c38d56f08e534b3c9edf0d",
                "sha256:887ab5e5b32e4d0c86efddd3d055c1f363cbaa583beb8da5e22d2fa2f64d51ef",
                "sha256:410bcd1d6409026fbaa65d9ed33bf6dd8b1e94a499e32168acfc7b332e4095c0"
            ],
            "version": "==2018.3"
        },
        "six": {
            "hashes": [
                "sha256:832dc0e10feb1aa2c68dcc57dbb658f1c7e65b9b61af69048abc87a2db00a0eb",
                "sha256:70e8a77beed4562e7f14fe23a786b54f6296e34344c23bc42f07b15018ff98e9"
            ],
            "version": "==1.11.0"
        },
        "typing-inspect": {
            "hashes": [
                "sha256:38962a07e6f98319fd2249758d66ec21f5fa5eff2a3f8626b4546433dce04163"
            ],
            "version": "==0.2.0"
        }
    },
    "develop": {}
}
