{
    "_meta": {
        "hash": {
            "sha256": "3c58f6142371984ab390c21b5dbfaffa4562ea416fb1387544a072f4f878f1ca"
        },
        "host-environment-markers": {
            "implementation_name": "cpython",
            "implementation_version": "3.6.4",
            "os_name": "posix",
            "platform_machine": "x86_64",
            "platform_python_implementation": "CPython",
            "platform_release": "4.15.7-1-ARCH",
            "platform_system": "Linux",
            "platform_version": "#1 SMP PREEMPT Wed Feb 28 19:01:57 UTC 2018",
            "python_full_version": "3.6.4",
            "python_version": "3.6",
            "sys_platform": "linux"
        },
        "pipfile-spec": 6,
        "requires": {},
        "sources": [
            {
                "name": "pypi",
                "url": "https://pypi.python.org/simple",
                "verify_ssl": true
            }
        ]
    },
    "default": {
        "curio": {
            "git": "https://github.com/dabeaz/curio.git"
        },
        "discord-curious": {
            "git": "https://github.com/Fuyukai/curious.git"
        },
        "multio": {
            "git": "https://github.com/theelous3/multio.git"
        }
    },
    "develop": {}
}
